// !$*UTF8*$!
{
	archiveVersion = 1;
	classes = {
	};
	objectVersion = 50;
	objects = {

/* Begin PBXBuildFile section */
		4CF4DD71DF14C6A665B2AEC6 /* libPods-OC2048Game.a in Frameworks */ = {isa = PBXBuildFile; fileRef = 80C10441E521338A006C2A95 /* libPods-OC2048Game.a */; };
		8B26DFEE298E31BE00BF8CF1 /* SingleCard.m in Sources */ = {isa = PBXBuildFile; fileRef = 8B26DFED298E31BE00BF8CF1 /* SingleCard.m */; };
		8B26DFFB298E549500BF8CF1 /* CardData.m in Sources */ = {isa = PBXBuildFile; fileRef = 8B26DFFA298E549500BF8CF1 /* CardData.m */; };
		8B5515BC29939B8B00936588 /* CardData+CardMergeFunction.m in Sources */ = {isa = PBXBuildFile; fileRef = 8B5515BB29939B8B00936588 /* CardData+CardMergeFunction.m */; };
		8B5515C229939DA900936588 /* CardData+CardMoveFunction.m in Sources */ = {isa = PBXBuildFile; fileRef = 8B5515C129939DA900936588 /* CardData+CardMoveFunction.m */; };
		8B5515C729939F3900936588 /* CardData+GetRandomCard.m in Sources */ = {isa = PBXBuildFile; fileRef = 8B5515C629939F3900936588 /* CardData+GetRandomCard.m */; };
		8B55435E2990CD8800D5F205 /* SingleCardData.m in Sources */ = {isa = PBXBuildFile; fileRef = 8B55435D2990CD8800D5F205 /* SingleCardData.m */; };
		8B8C1656298D2B5D00C1DEA8 /* AppDelegate.m in Sources */ = {isa = PBXBuildFile; fileRef = 8B8C1655298D2B5D00C1DEA8 /* AppDelegate.m */; };
		8B8C1659298D2B5D00C1DEA8 /* SceneDelegate.m in Sources */ = {isa = PBXBuildFile; fileRef = 8B8C1658298D2B5D00C1DEA8 /* SceneDelegate.m */; };
		8B8C165C298D2B5D00C1DEA8 /* BackViewController.m in Sources */ = {isa = PBXBuildFile; fileRef = 8B8C165B298D2B5D00C1DEA8 /* BackViewController.m */; };
		8B8C1661298D2B5F00C1DEA8 /* Assets.xcassets in Resources */ = {isa = PBXBuildFile; fileRef = 8B8C1660298D2B5F00C1DEA8 /* Assets.xcassets */; };
		8B8C1667298D2B5F00C1DEA8 /* main.m in Sources */ = {isa = PBXBuildFile; fileRef = 8B8C1666298D2B5F00C1DEA8 /* main.m */; };
		8B9D80F2298D482300275488 /* BackGroundView.m in Sources */ = {isa = PBXBuildFile; fileRef = 8B9D80F1298D482300275488 /* BackGroundView.m */; };
		8BE16424298D686800C716A6 /* DeleteView.m in Sources */ = {isa = PBXBuildFile; fileRef = 8BE16423298D686800C716A6 /* DeleteView.m */; };
/* End PBXBuildFile section */

/* Begin PBXFileReference section */
		44DF701FFD4BE134B3F7008E /* Pods-OC2048Game.debug.xcconfig */ = {isa = PBXFileReference; includeInIndex = 1; lastKnownFileType = text.xcconfig; name = "Pods-OC2048Game.debug.xcconfig"; path = "Target Support Files/Pods-OC2048Game/Pods-OC2048Game.debug.xcconfig"; sourceTree = "<group>"; };
		80C10441E521338A006C2A95 /* libPods-OC2048Game.a */ = {isa = PBXFileReference; explicitFileType = archive.ar; includeInIndex = 0; path = "libPods-OC2048Game.a"; sourceTree = BUILT_PRODUCTS_DIR; };
		8B26DFEC298E31BE00BF8CF1 /* SingleCard.h */ = {isa = PBXFileReference; lastKnownFileType = sourcecode.c.h; path = SingleCard.h; sourceTree = "<group>"; };
		8B26DFED298E31BE00BF8CF1 /* SingleCard.m */ = {isa = PBXFileReference; lastKnownFileType = sourcecode.c.objc; path = SingleCard.m; sourceTree = "<group>"; };
		8B26DFF9298E549500BF8CF1 /* CardData.h */ = {isa = PBXFileReference; lastKnownFileType = sourcecode.c.h; path = CardData.h; sourceTree = "<group>"; };
		8B26DFFA298E549500BF8CF1 /* CardData.m */ = {isa = PBXFileReference; lastKnownFileType = sourcecode.c.objc; path = CardData.m; sourceTree = "<group>"; };
		8B5515BA29939B8B00936588 /* CardData+CardMergeFunction.h */ = {isa = PBXFileReference; lastKnownFileType = sourcecode.c.h; path = "CardData+CardMergeFunction.h"; sourceTree = "<group>"; };
		8B5515BB29939B8B00936588 /* CardData+CardMergeFunction.m */ = {isa = PBXFileReference; lastKnownFileType = sourcecode.c.objc; path = "CardData+CardMergeFunction.m"; sourceTree = "<group>"; };
		8B5515C029939DA900936588 /* CardData+CardMoveFunction.h */ = {isa = PBXFileReference; lastKnownFileType = sourcecode.c.h; path = "CardData+CardMoveFunction.h"; sourceTree = "<group>"; };
		8B5515C129939DA900936588 /* CardData+CardMoveFunction.m */ = {isa = PBXFileReference; lastKnownFileType = sourcecode.c.objc; path = "CardData+CardMoveFunction.m"; sourceTree = "<group>"; };
		8B5515C529939F3900936588 /* CardData+GetRandomCard.h */ = {isa = PBXFileReference; lastKnownFileType = sourcecode.c.h; path = "CardData+GetRandomCard.h"; sourceTree = "<group>"; };
		8B5515C629939F3900936588 /* CardData+GetRandomCard.m */ = {isa = PBXFileReference; lastKnownFileType = sourcecode.c.objc; path = "CardData+GetRandomCard.m"; sourceTree = "<group>"; };
		8B55435C2990CD8800D5F205 /* SingleCardData.h */ = {isa = PBXFileReference; lastKnownFileType = sourcecode.c.h; path = SingleCardData.h; sourceTree = "<group>"; };
		8B55435D2990CD8800D5F205 /* SingleCardData.m */ = {isa = PBXFileReference; lastKnownFileType = sourcecode.c.objc; path = SingleCardData.m; sourceTree = "<group>"; };
		8B8C1651298D2B5D00C1DEA8 /* OC2048Game.app */ = {isa = PBXFileReference; explicitFileType = wrapper.application; includeInIndex = 0; path = OC2048Game.app; sourceTree = BUILT_PRODUCTS_DIR; };
		8B8C1654298D2B5D00C1DEA8 /* AppDelegate.h */ = {isa = PBXFileReference; lastKnownFileType = sourcecode.c.h; path = AppDelegate.h; sourceTree = "<group>"; };
		8B8C1655298D2B5D00C1DEA8 /* AppDelegate.m */ = {isa = PBXFileReference; lastKnownFileType = sourcecode.c.objc; path = AppDelegate.m; sourceTree = "<group>"; };
		8B8C1657298D2B5D00C1DEA8 /* SceneDelegate.h */ = {isa = PBXFileReference; lastKnownFileType = sourcecode.c.h; path = SceneDelegate.h; sourceTree = "<group>"; };
		8B8C1658298D2B5D00C1DEA8 /* SceneDelegate.m */ = {isa = PBXFileReference; lastKnownFileType = sourcecode.c.objc; path = SceneDelegate.m; sourceTree = "<group>"; };
		8B8C165A298D2B5D00C1DEA8 /* BackViewController.h */ = {isa = PBXFileReference; lastKnownFileType = sourcecode.c.h; path = BackViewController.h; sourceTree = "<group>"; };
		8B8C165B298D2B5D00C1DEA8 /* BackViewController.m */ = {isa = PBXFileReference; lastKnownFileType = sourcecode.c.objc; path = BackViewController.m; sourceTree = "<group>"; };
		8B8C1660298D2B5F00C1DEA8 /* Assets.xcassets */ = {isa = PBXFileReference; lastKnownFileType = folder.assetcatalog; path = Assets.xcassets; sourceTree = "<group>"; };
		8B8C1665298D2B5F00C1DEA8 /* Info.plist */ = {isa = PBXFileReference; lastKnownFileType = text.plist.xml; path = Info.plist; sourceTree = "<group>"; };
		8B8C1666298D2B5F00C1DEA8 /* main.m */ = {isa = PBXFileReference; lastKnownFileType = sourcecode.c.objc; path = main.m; sourceTree = "<group>"; };
		8B9D80F0298D482300275488 /* BackGroundView.h */ = {isa = PBXFileReference; lastKnownFileType = sourcecode.c.h; path = BackGroundView.h; sourceTree = "<group>"; };
		8B9D80F1298D482300275488 /* BackGroundView.m */ = {isa = PBXFileReference; lastKnownFileType = sourcecode.c.objc; path = BackGroundView.m; sourceTree = "<group>"; };
		8BE16422298D686800C716A6 /* DeleteView.h */ = {isa = PBXFileReference; fileEncoding = 4; lastKnownFileType = sourcecode.c.h; path = DeleteView.h; sourceTree = "<group>"; };
		8BE16423298D686800C716A6 /* DeleteView.m */ = {isa = PBXFileReference; fileEncoding = 4; lastKnownFileType = sourcecode.c.objc; path = DeleteView.m; sourceTree = "<group>"; };
		EFF9176BB71590077E605BA7 /* Pods-OC2048Game.release.xcconfig */ = {isa = PBXFileReference; includeInIndex = 1; lastKnownFileType = text.xcconfig; name = "Pods-OC2048Game.release.xcconfig"; path = "Target Support Files/Pods-OC2048Game/Pods-OC2048Game.release.xcconfig"; sourceTree = "<group>"; };
/* End PBXFileReference section */

/* Begin PBXFrameworksBuildPhase section */
		8B8C164E298D2B5D00C1DEA8 /* Frameworks */ = {
			isa = PBXFrameworksBuildPhase;
			buildActionMask = 2147483647;
			files = (
				4CF4DD71DF14C6A665B2AEC6 /* libPods-OC2048Game.a in Frameworks */,
			);
			runOnlyForDeploymentPostprocessing = 0;
		};
/* End PBXFrameworksBuildPhase section */

/* Begin PBXGroup section */
		217B79277BAAF9B8D53CB492 /* Frameworks */ = {
			isa = PBXGroup;
			children = (
				80C10441E521338A006C2A95 /* libPods-OC2048Game.a */,
			);
			name = Frameworks;
			sourceTree = "<group>";
		};
		2E8E9B75277E9E2757473EE0 /* Pods */ = {
			isa = PBXGroup;
			children = (
				44DF701FFD4BE134B3F7008E /* Pods-OC2048Game.debug.xcconfig */,
				EFF9176BB71590077E605BA7 /* Pods-OC2048Game.release.xcconfig */,
			);
			path = Pods;
			sourceTree = "<group>";
		};
		8B5515CA2993B96600936588 /* Model */ = {
			isa = PBXGroup;
			children = (
				8B26DFF9298E549500BF8CF1 /* CardData.h */,
				8B26DFFA298E549500BF8CF1 /* CardData.m */,
				8B5515BA29939B8B00936588 /* CardData+CardMergeFunction.h */,
				8B5515BB29939B8B00936588 /* CardData+CardMergeFunction.m */,
				8B5515C029939DA900936588 /* CardData+CardMoveFunction.h */,
				8B5515C129939DA900936588 /* CardData+CardMoveFunction.m */,
				8B5515C529939F3900936588 /* CardData+GetRandomCard.h */,
				8B5515C629939F3900936588 /* CardData+GetRandomCard.m */,
				8B55435C2990CD8800D5F205 /* SingleCardData.h */,
				8B55435D2990CD8800D5F205 /* SingleCardData.m */,
			);
			path = Model;
			sourceTree = "<group>";
		};
		8B8C1648298D2B5D00C1DEA8 = {
			isa = PBXGroup;
			children = (
				8B8C1653298D2B5D00C1DEA8 /* OC2048Game */,
				8B8C1652298D2B5D00C1DEA8 /* Products */,
				2E8E9B75277E9E2757473EE0 /* Pods */,
				217B79277BAAF9B8D53CB492 /* Frameworks */,
			);
			sourceTree = "<group>";
		};
		8B8C1652298D2B5D00C1DEA8 /* Products */ = {
			isa = PBXGroup;
			children = (
				8B8C1651298D2B5D00C1DEA8 /* OC2048Game.app */,
			);
			name = Products;
			sourceTree = "<group>";
		};
		8B8C1653298D2B5D00C1DEA8 /* OC2048Game */ = {
			isa = PBXGroup;
			children = (
				8B5515CA2993B96600936588 /* Model */,
				8B9D80F5298D483200275488 /* Controller */,
				8B9D80F4298D482700275488 /* View */,
				8B8C1654298D2B5D00C1DEA8 /* AppDelegate.h */,
				8B8C1655298D2B5D00C1DEA8 /* AppDelegate.m */,
				8B8C1657298D2B5D00C1DEA8 /* SceneDelegate.h */,
				8B8C1658298D2B5D00C1DEA8 /* SceneDelegate.m */,
				8B8C1660298D2B5F00C1DEA8 /* Assets.xcassets */,
				8B8C1665298D2B5F00C1DEA8 /* Info.plist */,
				8B8C1666298D2B5F00C1DEA8 /* main.m */,
			);
			path = OC2048Game;
			sourceTree = "<group>";
		};
		8B9D80F4298D482700275488 /* View */ = {
			isa = PBXGroup;
			children = (
				8BE16422298D686800C716A6 /* DeleteView.h */,
				8BE16423298D686800C716A6 /* DeleteView.m */,
				8B9D80F0298D482300275488 /* BackGroundView.h */,
				8B9D80F1298D482300275488 /* BackGroundView.m */,
				8B26DFEC298E31BE00BF8CF1 /* SingleCard.h */,
				8B26DFED298E31BE00BF8CF1 /* SingleCard.m */,
			);
			path = View;
			sourceTree = "<group>";
		};
		8B9D80F5298D483200275488 /* Controller */ = {
			isa = PBXGroup;
			children = (
				8B8C165A298D2B5D00C1DEA8 /* BackViewController.h */,
				8B8C165B298D2B5D00C1DEA8 /* BackViewController.m */,
			);
			path = Controller;
			sourceTree = "<group>";
		};
/* End PBXGroup section */

/* Begin PBXNativeTarget section */
		8B8C1650298D2B5D00C1DEA8 /* OC2048Game */ = {
			isa = PBXNativeTarget;
			buildConfigurationList = 8B8C166A298D2B5F00C1DEA8 /* Build configuration list for PBXNativeTarget "OC2048Game" */;
			buildPhases = (
				0D10E619724B59A59B6F690F /* [CP] Check Pods Manifest.lock */,
				8B8C164D298D2B5D00C1DEA8 /* Sources */,
				8B8C164E298D2B5D00C1DEA8 /* Frameworks */,
				8B8C164F298D2B5D00C1DEA8 /* Resources */,
			);
			buildRules = (
			);
			dependencies = (
			);
			name = OC2048Game;
			productName = OC2048Game;
			productReference = 8B8C1651298D2B5D00C1DEA8 /* OC2048Game.app */;
			productType = "com.apple.product-type.application";
		};
/* End PBXNativeTarget section */

/* Begin PBXProject section */
		8B8C1649298D2B5D00C1DEA8 /* Project object */ = {
			isa = PBXProject;
			attributes = {
				LastUpgradeCheck = 1240;
				TargetAttributes = {
					8B8C1650298D2B5D00C1DEA8 = {
						CreatedOnToolsVersion = 12.4;
					};
				};
			};
			buildConfigurationList = 8B8C164C298D2B5D00C1DEA8 /* Build configuration list for PBXProject "OC2048Game" */;
			compatibilityVersion = "Xcode 9.3";
			developmentRegion = en;
			hasScannedForEncodings = 0;
			knownRegions = (
				en,
				Base,
			);
			mainGroup = 8B8C1648298D2B5D00C1DEA8;
			productRefGroup = 8B8C1652298D2B5D00C1DEA8 /* Products */;
			projectDirPath = "";
			projectRoot = "";
			targets = (
				8B8C1650298D2B5D00C1DEA8 /* OC2048Game */,
			);
		};
/* End PBXProject section */

/* Begin PBXResourcesBuildPhase section */
		8B8C164F298D2B5D00C1DEA8 /* Resources */ = {
			isa = PBXResourcesBuildPhase;
			buildActionMask = 2147483647;
			files = (
				8B8C1661298D2B5F00C1DEA8 /* Assets.xcassets in Resources */,
			);
			runOnlyForDeploymentPostprocessing = 0;
		};
/* End PBXResourcesBuildPhase section */

/* Begin PBXShellScriptBuildPhase section */
		0D10E619724B59A59B6F690F /* [CP] Check Pods Manifest.lock */ = {
			isa = PBXShellScriptBuildPhase;
			buildActionMask = 2147483647;
			files = (
			);
			inputFileListPaths = (
			);
			inputPaths = (
				"${PODS_PODFILE_DIR_PATH}/Podfile.lock",
				"${PODS_ROOT}/Manifest.lock",
			);
			name = "[CP] Check Pods Manifest.lock";
			outputFileListPaths = (
			);
			outputPaths = (
				"$(DERIVED_FILE_DIR)/Pods-OC2048Game-checkManifestLockResult.txt",
			);
			runOnlyForDeploymentPostprocessing = 0;
			shellPath = /bin/sh;
			shellScript = "diff \"${PODS_PODFILE_DIR_PATH}/Podfile.lock\" \"${PODS_ROOT}/Manifest.lock\" > /dev/null\nif [ $? != 0 ] ; then\n    # print error to STDERR\n    echo \"error: The sandbox is not in sync with the Podfile.lock. Run 'pod install' or update your CocoaPods installation.\" >&2\n    exit 1\nfi\n# This output is used by Xcode 'outputs' to avoid re-running this script phase.\necho \"SUCCESS\" > \"${SCRIPT_OUTPUT_FILE_0}\"\n";
			showEnvVarsInLog = 0;
		};
/* End PBXShellScriptBuildPhase section */

/* Begin PBXSourcesBuildPhase section */
		8B8C164D298D2B5D00C1DEA8 /* Sources */ = {
			isa = PBXSourcesBuildPhase;
			buildActionMask = 2147483647;
			files = (
				8B8C165C298D2B5D00C1DEA8 /* BackViewController.m in Sources */,
				8B5515C729939F3900936588 /* CardData+GetRandomCard.m in Sources */,
				8B26DFFB298E549500BF8CF1 /* CardData.m in Sources */,
				8B55435E2990CD8800D5F205 /* SingleCardData.m in Sources */,
				8B8C1656298D2B5D00C1DEA8 /* AppDelegate.m in Sources */,
				8B9D80F2298D482300275488 /* BackGroundView.m in Sources */,
				8B8C1667298D2B5F00C1DEA8 /* main.m in Sources */,
				8B5515BC29939B8B00936588 /* CardData+CardMergeFunction.m in Sources */,
				8B26DFEE298E31BE00BF8CF1 /* SingleCard.m in Sources */,
				8B5515C229939DA900936588 /* CardData+CardMoveFunction.m in Sources */,
				8BE16424298D686800C716A6 /* DeleteView.m in Sources */,
				8B8C1659298D2B5D00C1DEA8 /* SceneDelegate.m in Sources */,
			);
			runOnlyForDeploymentPostprocessing = 0;
		};
/* End PBXSourcesBuildPhase section */

/* Begin XCBuildConfiguration section */
		8B8C1668298D2B5F00C1DEA8 /* Debug */ = {
			isa = XCBuildConfiguration;
			buildSettings = {
				ALWAYS_SEARCH_USER_PATHS = NO;
				CLANG_ANALYZER_NONNULL = YES;
				CLANG_ANALYZER_NUMBER_OBJECT_CONVERSION = YES_AGGRESSIVE;
				CLANG_CXX_LANGUAGE_STANDARD = "gnu++14";
				CLANG_CXX_LIBRARY = "libc++";
				CLANG_ENABLE_MODULES = YES;
				CLANG_ENABLE_OBJC_ARC = YES;
				CLANG_ENABLE_OBJC_WEAK = YES;
				CLANG_WARN_BLOCK_CAPTURE_AUTORELEASING = YES;
				CLANG_WARN_BOOL_CONVERSION = YES;
				CLANG_WARN_COMMA = YES;
				CLANG_WARN_CONSTANT_CONVERSION = YES;
				CLANG_WARN_DEPRECATED_OBJC_IMPLEMENTATIONS = YES;
				CLANG_WARN_DIRECT_OBJC_ISA_USAGE = YES_ERROR;
				CLANG_WARN_DOCUMENTATION_COMMENTS = YES;
				CLANG_WARN_EMPTY_BODY = YES;
				CLANG_WARN_ENUM_CONVERSION = YES;
				CLANG_WARN_INFINITE_RECURSION = YES;
				CLANG_WARN_INT_CONVERSION = YES;
				CLANG_WARN_NON_LITERAL_NULL_CONVERSION = YES;
				CLANG_WARN_OBJC_IMPLICIT_RETAIN_SELF = YES;
				CLANG_WARN_OBJC_LITERAL_CONVERSION = YES;
				CLANG_WARN_OBJC_ROOT_CLASS = YES_ERROR;
				CLANG_WARN_QUOTED_INCLUDE_IN_FRAMEWORK_HEADER = YES;
				CLANG_WARN_RANGE_LOOP_ANALYSIS = YES;
				CLANG_WARN_STRICT_PROTOTYPES = YES;
				CLANG_WARN_SUSPICIOUS_MOVE = YES;
				CLANG_WARN_UNGUARDED_AVAILABILITY = YES_AGGRESSIVE;
				CLANG_WARN_UNREACHABLE_CODE = YES;
				CLANG_WARN__DUPLICATE_METHOD_MATCH = YES;
				COPY_PHASE_STRIP = NO;
				DEBUG_INFORMATION_FORMAT = dwarf;
				ENABLE_STRICT_OBJC_MSGSEND = YES;
				ENABLE_TESTABILITY = YES;
				GCC_C_LANGUAGE_STANDARD = gnu11;
				GCC_DYNAMIC_NO_PIC = NO;
				GCC_NO_COMMON_BLOCKS = YES;
				GCC_OPTIMIZATION_LEVEL = 0;
				GCC_PREPROCESSOR_DEFINITIONS = (
					"DEBUG=1",
					"$(inherited)",
				);
				GCC_WARN_64_TO_32_BIT_CONVERSION = YES;
				GCC_WARN_ABOUT_RETURN_TYPE = YES_ERROR;
				GCC_WARN_UNDECLARED_SELECTOR = YES;
				GCC_WARN_UNINITIALIZED_AUTOS = YES_AGGRESSIVE;
				GCC_WARN_UNUSED_FUNCTION = YES;
				GCC_WARN_UNUSED_VARIABLE = YES;
				IPHONEOS_DEPLOYMENT_TARGET = 14.4;
				MTL_ENABLE_DEBUG_INFO = INCLUDE_SOURCE;
				MTL_FAST_MATH = YES;
				ONLY_ACTIVE_ARCH = YES;
				SDKROOT = iphoneos;
			};
			name = Debug;
		};
		8B8C1669298D2B5F00C1DEA8 /* Release */ = {
			isa = XCBuildConfiguration;
			buildSettings = {
				ALWAYS_SEARCH_USER_PATHS = NO;
				CLANG_ANALYZER_NONNULL = YES;
				CLANG_ANALYZER_NUMBER_OBJECT_CONVERSION = YES_AGGRESSIVE;
				CLANG_CXX_LANGUAGE_STANDARD = "gnu++14";
				CLANG_CXX_LIBRARY = "libc++";
				CLANG_ENABLE_MODULES = YES;
				CLANG_ENABLE_OBJC_ARC = YES;
				CLANG_ENABLE_OBJC_WEAK = YES;
				CLANG_WARN_BLOCK_CAPTURE_AUTORELEASING = YES;
				CLANG_WARN_BOOL_CONVERSION = YES;
				CLANG_WARN_COMMA = YES;
				CLANG_WARN_CONSTANT_CONVERSION = YES;
				CLANG_WARN_DEPRECATED_OBJC_IMPLEMENTATIONS = YES;
				CLANG_WARN_DIRECT_OBJC_ISA_USAGE = YES_ERROR;
				CLANG_WARN_DOCUMENTATION_COMMENTS = YES;
				CLANG_WARN_EMPTY_BODY = YES;
				CLANG_WARN_ENUM_CONVERSION = YES;
				CLANG_WARN_INFINITE_RECURSION = YES;
				CLANG_WARN_INT_CONVERSION = YES;
				CLANG_WARN_NON_LITERAL_NULL_CONVERSION = YES;
				CLANG_WARN_OBJC_IMPLICIT_RETAIN_SELF = YES;
				CLANG_WARN_OBJC_LITERAL_CONVERSION = YES;
				CLANG_WARN_OBJC_ROOT_CLASS = YES_ERROR;
				CLANG_WARN_QUOTED_INCLUDE_IN_FRAMEWORK_HEADER = YES;
				CLANG_WARN_RANGE_LOOP_ANALYSIS = YES;
				CLANG_WARN_STRICT_PROTOTYPES = YES;
				CLANG_WARN_SUSPICIOUS_MOVE = YES;
				CLANG_WARN_UNGUARDED_AVAILABILITY = YES_AGGRESSIVE;
				CLANG_WARN_UNREACHABLE_CODE = YES;
				CLANG_WARN__DUPLICATE_METHOD_MATCH = YES;
				COPY_PHASE_STRIP = NO;
				DEBUG_INFORMATION_FORMAT = "dwarf-with-dsym";
				ENABLE_NS_ASSERTIONS = NO;
				ENABLE_STRICT_OBJC_MSGSEND = YES;
				GCC_C_LANGUAGE_STANDARD = gnu11;
				GCC_NO_COMMON_BLOCKS = YES;
				GCC_WARN_64_TO_32_BIT_CONVERSION = YES;
				GCC_WARN_ABOUT_RETURN_TYPE = YES_ERROR;
				GCC_WARN_UNDECLARED_SELECTOR = YES;
				GCC_WARN_UNINITIALIZED_AUTOS = YES_AGGRESSIVE;
				GCC_WARN_UNUSED_FUNCTION = YES;
				GCC_WARN_UNUSED_VARIABLE = YES;
				IPHONEOS_DEPLOYMENT_TARGET = 14.4;
				MTL_ENABLE_DEBUG_INFO = NO;
				MTL_FAST_MATH = YES;
				SDKROOT = iphoneos;
				VALIDATE_PRODUCT = YES;
			};
			name = Release;
		};
		8B8C166B298D2B5F00C1DEA8 /* Debug */ = {
			isa = XCBuildConfiguration;
			baseConfigurationReference = 44DF701FFD4BE134B3F7008E /* Pods-OC2048Game.debug.xcconfig */;
			buildSettings = {
				ASSETCATALOG_COMPILER_APPICON_NAME = AppIcon;
				ASSETCATALOG_COMPILER_GLOBAL_ACCENT_COLOR_NAME = AccentColor;
				CODE_SIGN_STYLE = Automatic;
				INFOPLIST_FILE = OC2048Game/Info.plist;
				LD_RUNPATH_SEARCH_PATHS = (
					"$(inherited)",
					"@executable_path/Frameworks",
				);
				PRODUCT_BUNDLE_IDENTIFIER = cust.wqc.OC2048Game;
				PRODUCT_NAME = "$(TARGET_NAME)";
				TARGETED_DEVICE_FAMILY = "1,2";
			};
			name = Debug;
		};
		8B8C166C298D2B5F00C1DEA8 /* Release */ = {
			isa = XCBuildConfiguration;
			baseConfigurationReference = EFF9176BB71590077E605BA7 /* Pods-OC2048Game.release.xcconfig */;
			buildSettings = {
				ASSETCATALOG_COMPILER_APPICON_NAME = AppIcon;
				ASSETCATALOG_COMPILER_GLOBAL_ACCENT_COLOR_NAME = AccentColor;
				CODE_SIGN_STYLE = Automatic;
				INFOPLIST_FILE = OC2048Game/Info.plist;
				LD_RUNPATH_SEARCH_PATHS = (
					"$(inherited)",
					"@executable_path/Frameworks",
				);
				PRODUCT_BUNDLE_IDENTIFIER = cust.wqc.OC2048Game;
				PRODUCT_NAME = "$(TARGET_NAME)";
				TARGETED_DEVICE_FAMILY = "1,2";
			};
			name = Release;
		};
/* End XCBuildConfiguration section */

/* Begin XCConfigurationList section */
		8B8C164C298D2B5D00C1DEA8 /* Build configuration list for PBXProject "OC2048Game" */ = {
			isa = XCConfigurationList;
			buildConfigurations = (
				8B8C1668298D2B5F00C1DEA8 /* Debug */,
				8B8C1669298D2B5F00C1DEA8 /* Release */,
			);
			defaultConfigurationIsVisible = 0;
			defaultConfigurationName = Release;
		};
		8B8C166A298D2B5F00C1DEA8 /* Build configuration list for PBXNativeTarget "OC2048Game" */ = {
			isa = XCConfigurationList;
			buildConfigurations = (
				8B8C166B298D2B5F00C1DEA8 /* Debug */,
				8B8C166C298D2B5F00C1DEA8 /* Release */,
			);
			defaultConfigurationIsVisible = 0;
			defaultConfigurationName = Release;
		};
/* End XCConfigurationList section */
	};
	rootObject = 8B8C1649298D2B5D00C1DEA8 /* Project object */;
}
